
Microsoft Visual Studio Solution File, Format Version 12.00
# Visual Studio Version 16
VisualStudioVersion = 16.0.29911.84
MinimumVisualStudioVersion = 10.0.40219.1
Project("{FAE04EC0-301F-11D3-BF4B-00C04F79EFBC}") = "BehaviouralPattern", "BehaviouralPattern.csproj", "{7BC10A4E-8462-4855-BDF8-00176BD3F4C2}"
EndProject
Global
	GlobalSection(SolutionConfigurationPlatforms) = preSolution
		Debug|Any CPU = Debug|Any CPU
		Release|Any CPU = Release|Any CPU
	EndGlobalSection
	GlobalSection(ProjectConfigurationPlatforms) = postSolution
		{7BC10A4E-8462-4855-BDF8-00176BD3F4C2}.Debug|Any CPU.ActiveCfg = Debug|Any CPU
		{7BC10A4E-8462-4855-BDF8-00176BD3F4C2}.Debug|Any CPU.Build.0 = Debug|Any CPU
		{7BC10A4E-8462-4855-BDF8-00176BD3F4C2}.Release|Any CPU.ActiveCfg = Release|Any CPU
		{7BC10A4E-8462-4855-BDF8-00176BD3F4C2}.Release|Any CPU.Build.0 = Release|Any CPU
	EndGlobalSection
	GlobalSection(SolutionProperties) = preSolution
		HideSolutionNode = FALSE
	EndGlobalSection
	GlobalSection(ExtensibilityGlobals) = postSolution
		SolutionGuid = {8DA0B50D-547D-4D6D-A4AF-72117990446D}
	EndGlobalSection
EndGlobal
